
Microsoft Visual Studio Solution File, Format Version 12.00
# Visual Studio Version 16
VisualStudioVersion = 16.0.29001.49
MinimumVisualStudioVersion = 10.0.40219.1
Project("{FAE04EC0-301F-11D3-BF4B-00C04F79EFBC}") = "Patron-Center", "Patron-Center\Patron-Center.csproj", "{9641C41B-74C8-4313-BAC5-E87CAF9C4285}"
EndProject
Global
	GlobalSection(SolutionConfigurationPlatforms) = preSolution
		Debug|Any CPU = Debug|Any CPU
		Release|Any CPU = Release|Any CPU
	EndGlobalSection
	GlobalSection(ProjectConfigurationPlatforms) = postSolution
		{9641C41B-74C8-4313-BAC5-E87CAF9C4285}.Debug|Any CPU.ActiveCfg = Debug|Any CPU
		{9641C41B-74C8-4313-BAC5-E87CAF9C4285}.Debug|Any CPU.Build.0 = Debug|Any CPU
		{9641C41B-74C8-4313-BAC5-E87CAF9C4285}.Release|Any CPU.ActiveCfg = Release|Any CPU
		{9641C41B-74C8-4313-BAC5-E87CAF9C4285}.Release|Any CPU.Build.0 = Release|Any CPU
	EndGlobalSection
	GlobalSection(SolutionProperties) = preSolution
		HideSolutionNode = FALSE
	EndGlobalSection
	GlobalSection(ExtensibilityGlobals) = postSolution
		SolutionGuid = {C6C469E4-318E-4B55-942F-93CD7151603C}
	EndGlobalSection
EndGlobal
